Microsoft Visual Studio Solution File, Format Version 12.00
# Visual Studio 2012
Project("{FAE04EC0-301F-11D3-BF4B-00C04F79EFBC}") = "Desktop Physics Sim", "Desktop Physics Sim.csproj", "{D9E62917-46D4-40E8-BD4D-47A1BE1E798C}"
EndProject
Global
	GlobalSection(SolutionConfigurationPlatforms) = preSolution
	Debug|Any CPU = Debug|Any CPU
	ExportDebug|Any CPU = ExportDebug|Any CPU
	ExportRelease|Any CPU = ExportRelease|Any CPU
	EndGlobalSection
	GlobalSection(ProjectConfigurationPlatforms) = postSolution
		{D9E62917-46D4-40E8-BD4D-47A1BE1E798C}.Debug|Any CPU.ActiveCfg = Debug|Any CPU
		{D9E62917-46D4-40E8-BD4D-47A1BE1E798C}.Debug|Any CPU.Build.0 = Debug|Any CPU
		{D9E62917-46D4-40E8-BD4D-47A1BE1E798C}.ExportDebug|Any CPU.ActiveCfg = ExportDebug|Any CPU
		{D9E62917-46D4-40E8-BD4D-47A1BE1E798C}.ExportDebug|Any CPU.Build.0 = ExportDebug|Any CPU
		{D9E62917-46D4-40E8-BD4D-47A1BE1E798C}.ExportRelease|Any CPU.ActiveCfg = ExportRelease|Any CPU
		{D9E62917-46D4-40E8-BD4D-47A1BE1E798C}.ExportRelease|Any CPU.Build.0 = ExportRelease|Any CPU
	EndGlobalSection
EndGlobal
